// !$*UTF8*$!
{
	archiveVersion = 1;
	classes = {
	};
	objectVersion = 46;
	objects = {

/* Begin PBXBuildFile section */
		03C8624E1E6CE4CF00E8C0ED /* main.c in Sources */ = {isa = PBXBuildFile; fileRef = 03C8624D1E6CE4CF00E8C0ED /* main.c */; };
		03C862631E6CE58600E8C0ED /* Device.c in Sources */ = {isa = PBXBuildFile; fileRef = 03C862541E6CE58600E8C0ED /* Device.c */; };
		03C862641E6CE58600E8C0ED /* dump.c in Sources */ = {isa = PBXBuildFile; fileRef = 03C862561E6CE58600E8C0ED /* dump.c */; };
		03C862651E6CE58600E8C0ED /* kbhit.c in Sources */ = {isa = PBXBuildFile; fileRef = 03C862571E6CE58600E8C0ED /* kbhit.c */; };
		03C862661E6CE58600E8C0ED /* node.c in Sources */ = {isa = PBXBuildFile; fileRef = 03C862581E6CE58600E8C0ED /* node.c */; };
		03C862671E6CE58600E8C0ED /* pb.l in Sources */ = {isa = PBXBuildFile; fileRef = 03C8625A1E6CE58600E8C0ED /* pb.l */; };
		03C862681E6CE58600E8C0ED /* pb.y in Sources */ = {isa = PBXBuildFile; fileRef = 03C8625B1E6CE58600E8C0ED /* pb.y */; };
		03C862691E6CE58600E8C0ED /* SimpleUI.c in Sources */ = {isa = PBXBuildFile; fileRef = 03C8625D1E6CE58600E8C0ED /* SimpleUI.c */; };
		03C8626A1E6CE58600E8C0ED /* Statement.c in Sources */ = {isa = PBXBuildFile; fileRef = 03C8625F1E6CE58600E8C0ED /* Statement.c */; };
/* End PBXBuildFile section */

/* Begin PBXCopyFilesBuildPhase section */
		03C862481E6CE4CE00E8C0ED /* CopyFiles */ = {
			isa = PBXCopyFilesBuildPhase;
			buildActionMask = 2147483647;
			dstPath = /usr/share/man/man1/;
			dstSubfolderSpec = 0;
			files = (
			);
			runOnlyForDeploymentPostprocessing = 1;
		};
/* End PBXCopyFilesBuildPhase section */

/* Begin PBXFileReference section */
		03C8624A1E6CE4CF00E8C0ED /* pb */ = {isa = PBXFileReference; explicitFileType = "compiled.mach-o.executable"; includeInIndex = 0; path = pb; sourceTree = BUILT_PRODUCTS_DIR; };
		03C8624D1E6CE4CF00E8C0ED /* main.c */ = {isa = PBXFileReference; lastKnownFileType = sourcecode.c.c; path = main.c; sourceTree = "<group>"; };
		03C862541E6CE58600E8C0ED /* Device.c */ = {isa = PBXFileReference; fileEncoding = 4; indentWidth = 2; lastKnownFileType = sourcecode.c.c; path = Device.c; sourceTree = SOURCE_ROOT; tabWidth = 2; };
		03C862551E6CE58600E8C0ED /* Device.h */ = {isa = PBXFileReference; fileEncoding = 4; indentWidth = 2; lastKnownFileType = sourcecode.c.h; path = Device.h; sourceTree = SOURCE_ROOT; tabWidth = 2; };
		03C862561E6CE58600E8C0ED /* dump.c */ = {isa = PBXFileReference; fileEncoding = 4; lastKnownFileType = sourcecode.c.c; path = dump.c; sourceTree = SOURCE_ROOT; };
		03C862571E6CE58600E8C0ED /* kbhit.c */ = {isa = PBXFileReference; fileEncoding = 4; lastKnownFileType = sourcecode.c.c; path = kbhit.c; sourceTree = SOURCE_ROOT; };
		03C862581E6CE58600E8C0ED /* node.c */ = {isa = PBXFileReference; fileEncoding = 4; lastKnownFileType = sourcecode.c.c; path = node.c; sourceTree = SOURCE_ROOT; };
		03C862591E6CE58600E8C0ED /* pb.h */ = {isa = PBXFileReference; fileEncoding = 4; lastKnownFileType = sourcecode.c.h; path = pb.h; sourceTree = SOURCE_ROOT; };
		03C8625A1E6CE58600E8C0ED /* pb.l */ = {isa = PBXFileReference; fileEncoding = 4; indentWidth = 2; lastKnownFileType = sourcecode.lex; path = pb.l; sourceTree = SOURCE_ROOT; tabWidth = 2; };
		03C8625B1E6CE58600E8C0ED /* pb.y */ = {isa = PBXFileReference; fileEncoding = 4; indentWidth = 2; lastKnownFileType = sourcecode.yacc; path = pb.y; sourceTree = SOURCE_ROOT; tabWidth = 2; };
		03C8625C1E6CE58600E8C0ED /* Program.h */ = {isa = PBXFileReference; fileEncoding = 4; lastKnownFileType = sourcecode.c.h; path = Program.h; sourceTree = SOURCE_ROOT; };
		03C8625D1E6CE58600E8C0ED /* SimpleUI.c */ = {isa = PBXFileReference; fileEncoding = 4; indentWidth = 2; lastKnownFileType = sourcecode.c.c; path = SimpleUI.c; sourceTree = SOURCE_ROOT; tabWidth = 2; };
		03C8625E1E6CE58600E8C0ED /* SimpleUI.h */ = {isa = PBXFileReference; fileEncoding = 4; lastKnownFileType = sourcecode.c.h; path = SimpleUI.h; sourceTree = SOURCE_ROOT; };
		03C8625F1E6CE58600E8C0ED /* Statement.c */ = {isa = PBXFileReference; fileEncoding = 4; lastKnownFileType = sourcecode.c.c; path = Statement.c; sourceTree = SOURCE_ROOT; };
		03C862601E6CE58600E8C0ED /* Statement.h */ = {isa = PBXFileReference; fileEncoding = 4; lastKnownFileType = sourcecode.c.h; path = Statement.h; sourceTree = SOURCE_ROOT; };
/* End PBXFileReference section */

/* Begin PBXFrameworksBuildPhase section */
		03C862471E6CE4CE00E8C0ED /* Frameworks */ = {
			isa = PBXFrameworksBuildPhase;
			buildActionMask = 2147483647;
			files = (
			);
			runOnlyForDeploymentPostprocessing = 0;
		};
/* End PBXFrameworksBuildPhase section */

/* Begin PBXGroup section */
		03C862411E6CE4CE00E8C0ED = {
			isa = PBXGroup;
			children = (
				03C8626C1E6CE6CB00E8C0ED /* Source */,
				03C8624B1E6CE4CF00E8C0ED /* Products */,
			);
			sourceTree = "<group>";
		};
		03C8624B1E6CE4CF00E8C0ED /* Products */ = {
			isa = PBXGroup;
			children = (
				03C8624A1E6CE4CF00E8C0ED /* pb */,
			);
			name = Products;
			sourceTree = "<group>";
		};
		03C8626C1E6CE6CB00E8C0ED /* Source */ = {
			isa = PBXGroup;
			children = (
				03C862541E6CE58600E8C0ED /* Device.c */,
				03C862551E6CE58600E8C0ED /* Device.h */,
				03C862561E6CE58600E8C0ED /* dump.c */,
				03C862571E6CE58600E8C0ED /* kbhit.c */,
				03C862581E6CE58600E8C0ED /* node.c */,
				03C862591E6CE58600E8C0ED /* pb.h */,
				03C8625A1E6CE58600E8C0ED /* pb.l */,
				03C8625B1E6CE58600E8C0ED /* pb.y */,
				03C8625C1E6CE58600E8C0ED /* Program.h */,
				03C8625D1E6CE58600E8C0ED /* SimpleUI.c */,
				03C8625E1E6CE58600E8C0ED /* SimpleUI.h */,
				03C8625F1E6CE58600E8C0ED /* Statement.c */,
				03C862601E6CE58600E8C0ED /* Statement.h */,
				03C8624D1E6CE4CF00E8C0ED /* main.c */,
			);
			name = Source;
			sourceTree = "<group>";
		};
/* End PBXGroup section */

/* Begin PBXNativeTarget section */
		03C862491E6CE4CE00E8C0ED /* pb */ = {
			isa = PBXNativeTarget;
			buildConfigurationList = 03C862511E6CE4CF00E8C0ED /* Build configuration list for PBXNativeTarget "pb" */;
			buildPhases = (
				03C862461E6CE4CE00E8C0ED /* Sources */,
				03C862471E6CE4CE00E8C0ED /* Frameworks */,
				03C862481E6CE4CE00E8C0ED /* CopyFiles */,
			);
			buildRules = (
			);
			dependencies = (
			);
			name = pb;
			productName = pb;
			productReference = 03C8624A1E6CE4CF00E8C0ED /* pb */;
			productType = "com.apple.product-type.tool";
		};
/* End PBXNativeTarget section */

/* Begin PBXProject section */
		03C862421E6CE4CE00E8C0ED /* Project object */ = {
			isa = PBXProject;
			attributes = {
				LastUpgradeCheck = 0820;
				ORGANIZATIONNAME = "David Schweinsberg";
				TargetAttributes = {
					03C862491E6CE4CE00E8C0ED = {
						CreatedOnToolsVersion = 8.2.1;
						ProvisioningStyle = Automatic;
					};
				};
			};
			buildConfigurationList = 03C862451E6CE4CE00E8C0ED /* Build configuration list for PBXProject "pb" */;
			compatibilityVersion = "Xcode 3.2";
			developmentRegion = English;
			hasScannedForEncodings = 0;
			knownRegions = (
				en,
			);
			mainGroup = 03C862411E6CE4CE00E8C0ED;
			productRefGroup = 03C8624B1E6CE4CF00E8C0ED /* Products */;
			projectDirPath = "";
			projectRoot = "";
			targets = (
				03C862491E6CE4CE00E8C0ED /* pb */,
			);
		};
/* End PBXProject section */

/* Begin PBXSourcesBuildPhase section */
		03C862461E6CE4CE00E8C0ED /* Sources */ = {
			isa = PBXSourcesBuildPhase;
			buildActionMask = 2147483647;
			files = (
				03C862681E6CE58600E8C0ED /* pb.y in Sources */,
				03C862671E6CE58600E8C0ED /* pb.l in Sources */,
				03C862661E6CE58600E8C0ED /* node.c in Sources */,
				03C862691E6CE58600E8C0ED /* SimpleUI.c in Sources */,
				03C8624E1E6CE4CF00E8C0ED /* main.c in Sources */,
				03C8626A1E6CE58600E8C0ED /* Statement.c in Sources */,
				03C862631E6CE58600E8C0ED /* Device.c in Sources */,
				03C862651E6CE58600E8C0ED /* kbhit.c in Sources */,
				03C862641E6CE58600E8C0ED /* dump.c in Sources */,
			);
			runOnlyForDeploymentPostprocessing = 0;
		};
/* End PBXSourcesBuildPhase section */

/* Begin XCBuildConfiguration section */
		03C8624F1E6CE4CF00E8C0ED /* Debug */ = {
			isa = XCBuildConfiguration;
			buildSettings = {
				ALWAYS_SEARCH_USER_PATHS = NO;
				CLANG_ANALYZER_NONNULL = YES;
				CLANG_CXX_LANGUAGE_STANDARD = "gnu++0x";
				CLANG_CXX_LIBRARY = "libc++";
				CLANG_ENABLE_MODULES = YES;
				CLANG_ENABLE_OBJC_ARC = YES;
				CLANG_WARN_BOOL_CONVERSION = YES;
				CLANG_WARN_CONSTANT_CONVERSION = YES;
				CLANG_WARN_DIRECT_OBJC_ISA_USAGE = YES_ERROR;
				CLANG_WARN_DOCUMENTATION_COMMENTS = YES;
				CLANG_WARN_EMPTY_BODY = YES;
				CLANG_WARN_ENUM_CONVERSION = YES;
				CLANG_WARN_INFINITE_RECURSION = YES;
				CLANG_WARN_INT_CONVERSION = YES;
				CLANG_WARN_OBJC_ROOT_CLASS = YES_ERROR;
				CLANG_WARN_SUSPICIOUS_MOVE = YES;
				CLANG_WARN_UNREACHABLE_CODE = YES;
				CLANG_WARN__DUPLICATE_METHOD_MATCH = YES;
				CODE_SIGN_IDENTITY = "-";
				COPY_PHASE_STRIP = NO;
				DEBUG_INFORMATION_FORMAT = dwarf;
				ENABLE_STRICT_OBJC_MSGSEND = YES;
				ENABLE_TESTABILITY = YES;
				GCC_C_LANGUAGE_STANDARD = gnu99;
				GCC_DYNAMIC_NO_PIC = NO;
				GCC_NO_COMMON_BLOCKS = YES;
				GCC_OPTIMIZATION_LEVEL = 0;
				GCC_PREPROCESSOR_DEFINITIONS = (
					"DEBUG=1",
					"$(inherited)",
				);
				GCC_WARN_64_TO_32_BIT_CONVERSION = YES;
				GCC_WARN_ABOUT_RETURN_TYPE = YES_ERROR;
				GCC_WARN_UNDECLARED_SELECTOR = YES;
				GCC_WARN_UNINITIALIZED_AUTOS = YES_AGGRESSIVE;
				GCC_WARN_UNUSED_FUNCTION = YES;
				GCC_WARN_UNUSED_VARIABLE = YES;
				MACOSX_DEPLOYMENT_TARGET = 10.12;
				MTL_ENABLE_DEBUG_INFO = YES;
				ONLY_ACTIVE_ARCH = YES;
				SDKROOT = macosx;
			};
			name = Debug;
		};
		03C862501E6CE4CF00E8C0ED /* Release */ = {
			isa = XCBuildConfiguration;
			buildSettings = {
				ALWAYS_SEARCH_USER_PATHS = NO;
				CLANG_ANALYZER_NONNULL = YES;
				CLANG_CXX_LANGUAGE_STANDARD = "gnu++0x";
				CLANG_CXX_LIBRARY = "libc++";
				CLANG_ENABLE_MODULES = YES;
				CLANG_ENABLE_OBJC_ARC = YES;
				CLANG_WARN_BOOL_CONVERSION = YES;
				CLANG_WARN_CONSTANT_CONVERSION = YES;
				CLANG_WARN_DIRECT_OBJC_ISA_USAGE = YES_ERROR;
				CLANG_WARN_DOCUMENTATION_COMMENTS = YES;
				CLANG_WARN_EMPTY_BODY = YES;
				CLANG_WARN_ENUM_CONVERSION = YES;
				CLANG_WARN_INFINITE_RECURSION = YES;
				CLANG_WARN_INT_CONVERSION = YES;
				CLANG_WARN_OBJC_ROOT_CLASS = YES_ERROR;
				CLANG_WARN_SUSPICIOUS_MOVE = YES;
				CLANG_WARN_UNREACHABLE_CODE = YES;
				CLANG_WARN__DUPLICATE_METHOD_MATCH = YES;
				CODE_SIGN_IDENTITY = "-";
				COPY_PHASE_STRIP = NO;
				DEBUG_INFORMATION_FORMAT = "dwarf-with-dsym";
				ENABLE_NS_ASSERTIONS = NO;
				ENABLE_STRICT_OBJC_MSGSEND = YES;
				GCC_C_LANGUAGE_STANDARD = gnu99;
				GCC_NO_COMMON_BLOCKS = YES;
				GCC_WARN_64_TO_32_BIT_CONVERSION = YES;
				GCC_WARN_ABOUT_RETURN_TYPE = YES_ERROR;
				GCC_WARN_UNDECLARED_SELECTOR = YES;
				GCC_WARN_UNINITIALIZED_AUTOS = YES_AGGRESSIVE;
				GCC_WARN_UNUSED_FUNCTION = YES;
				GCC_WARN_UNUSED_VARIABLE = YES;
				MACOSX_DEPLOYMENT_TARGET = 10.12;
				MTL_ENABLE_DEBUG_INFO = NO;
				SDKROOT = macosx;
			};
			name = Release;
		};
		03C862521E6CE4CF00E8C0ED /* Debug */ = {
			isa = XCBuildConfiguration;
			buildSettings = {
				HEADER_SEARCH_PATHS = "$(DERIVED_FILE_DIR)";
				PRODUCT_NAME = "$(TARGET_NAME)";
				YACC_GENERATED_FILE_STEM = InputFileStem;
			};
			name = Debug;
		};
		03C862531E6CE4CF00E8C0ED /* Release */ = {
			isa = XCBuildConfiguration;
			buildSettings = {
				HEADER_SEARCH_PATHS = "$(DERIVED_FILE_DIR)";
				PRODUCT_NAME = "$(TARGET_NAME)";
				YACC_GENERATED_FILE_STEM = InputFileStem;
			};
			name = Release;
		};
/* End XCBuildConfiguration section */

/* Begin XCConfigurationList section */
		03C862451E6CE4CE00E8C0ED /* Build configuration list for PBXProject "pb" */ = {
			isa = XCConfigurationList;
			buildConfigurations = (
				03C8624F1E6CE4CF00E8C0ED /* Debug */,
				03C862501E6CE4CF00E8C0ED /* Release */,
			);
			defaultConfigurationIsVisible = 0;
			defaultConfigurationName = Release;
		};
		03C862511E6CE4CF00E8C0ED /* Build configuration list for PBXNativeTarget "pb" */ = {
			isa = XCConfigurationList;
			buildConfigurations = (
				03C862521E6CE4CF00E8C0ED /* Debug */,
				03C862531E6CE4CF00E8C0ED /* Release */,
			);
			defaultConfigurationIsVisible = 0;
			defaultConfigurationName = Release;
		};
/* End XCConfigurationList section */
	};
	rootObject = 03C862421E6CE4CE00E8C0ED /* Project object */;
}
